// !$*UTF8*$!
{
	archiveVersion = 1;
	classes = {
	};
	objectVersion = 55;
	objects = {

/* Begin PBXBuildFile section */
		DDFC58E027F328D200656880 /* AppDelegate.swift in Sources */ = {isa = PBXBuildFile; fileRef = DDFC58DF27F328D200656880 /* AppDelegate.swift */; };
		DDFC58E227F328D200656880 /* SceneDelegate.swift in Sources */ = {isa = PBXBuildFile; fileRef = DDFC58E127F328D200656880 /* SceneDelegate.swift */; };
		DDFC58E427F328D200656880 /* ViewController.swift in Sources */ = {isa = PBXBuildFile; fileRef = DDFC58E327F328D200656880 /* ViewController.swift */; };
		DDFC58E727F328D200656880 /* Main.storyboard in Resources */ = {isa = PBXBuildFile; fileRef = DDFC58E527F328D200656880 /* Main.storyboard */; };
		DDFC58E927F328D300656880 /* Assets.xcassets in Resources */ = {isa = PBXBuildFile; fileRef = DDFC58E827F328D300656880 /* Assets.xcassets */; };
		DDFC58EC27F328D300656880 /* LaunchScreen.storyboard in Resources */ = {isa = PBXBuildFile; fileRef = DDFC58EA27F328D300656880 /* LaunchScreen.storyboard */; };
		DDFC58F727F328D300656880 /* TopHotelsTests.swift in Sources */ = {isa = PBXBuildFile; fileRef = DDFC58F627F328D300656880 /* TopHotelsTests.swift */; };
		DDFC590127F328D300656880 /* TopHotelsUITests.swift in Sources */ = {isa = PBXBuildFile; fileRef = DDFC590027F328D300656880 /* TopHotelsUITests.swift */; };
		DDFC590327F328D300656880 /* TopHotelsUITestsLaunchTests.swift in Sources */ = {isa = PBXBuildFile; fileRef = DDFC590227F328D300656880 /* TopHotelsUITestsLaunchTests.swift */; };
/* End PBXBuildFile section */

/* Begin PBXContainerItemProxy section */
		DDFC58F327F328D300656880 /* PBXContainerItemProxy */ = {
			isa = PBXContainerItemProxy;
			containerPortal = DDFC58D427F328D200656880 /* Project object */;
			proxyType = 1;
			remoteGlobalIDString = DDFC58DB27F328D200656880;
			remoteInfo = TopHotels;
		};
		DDFC58FD27F328D300656880 /* PBXContainerItemProxy */ = {
			isa = PBXContainerItemProxy;
			containerPortal = DDFC58D427F328D200656880 /* Project object */;
			proxyType = 1;
			remoteGlobalIDString = DDFC58DB27F328D200656880;
			remoteInfo = TopHotels;
		};
/* End PBXContainerItemProxy section */

/* Begin PBXFileReference section */
		DDFC58DC27F328D200656880 /* TopHotels.app */ = {isa = PBXFileReference; explicitFileType = wrapper.application; includeInIndex = 0; path = TopHotels.app; sourceTree = BUILT_PRODUCTS_DIR; };
		DDFC58DF27F328D200656880 /* AppDelegate.swift */ = {isa = PBXFileReference; lastKnownFileType = sourcecode.swift; path = AppDelegate.swift; sourceTree = "<group>"; };
		DDFC58E127F328D200656880 /* SceneDelegate.swift */ = {isa = PBXFileReference; lastKnownFileType = sourcecode.swift; path = SceneDelegate.swift; sourceTree = "<group>"; };
		DDFC58E327F328D200656880 /* ViewController.swift */ = {isa = PBXFileReference; lastKnownFileType = sourcecode.swift; path = ViewController.swift; sourceTree = "<group>"; };
		DDFC58E627F328D200656880 /* Base */ = {isa = PBXFileReference; lastKnownFileType = file.storyboard; name = Base; path = Base.lproj/Main.storyboard; sourceTree = "<group>"; };
		DDFC58E827F328D300656880 /* Assets.xcassets */ = {isa = PBXFileReference; lastKnownFileType = folder.assetcatalog; path = Assets.xcassets; sourceTree = "<group>"; };
		DDFC58EB27F328D300656880 /* Base */ = {isa = PBXFileReference; lastKnownFileType = file.storyboard; name = Base; path = Base.lproj/LaunchScreen.storyboard; sourceTree = "<group>"; };
		DDFC58ED27F328D300656880 /* Info.plist */ = {isa = PBXFileReference; lastKnownFileType = text.plist.xml; path = Info.plist; sourceTree = "<group>"; };
		DDFC58F227F328D300656880 /* TopHotelsTests.xctest */ = {isa = PBXFileReference; explicitFileType = wrapper.cfbundle; includeInIndex = 0; path = TopHotelsTests.xctest; sourceTree = BUILT_PRODUCTS_DIR; };
		DDFC58F627F328D300656880 /* TopHotelsTests.swift */ = {isa = PBXFileReference; lastKnownFileType = sourcecode.swift; path = TopHotelsTests.swift; sourceTree = "<group>"; };
		DDFC58FC27F328D300656880 /* TopHotelsUITests.xctest */ = {isa = PBXFileReference; explicitFileType = wrapper.cfbundle; includeInIndex = 0; path = TopHotelsUITests.xctest; sourceTree = BUILT_PRODUCTS_DIR; };
		DDFC590027F328D300656880 /* TopHotelsUITests.swift */ = {isa = PBXFileReference; lastKnownFileType = sourcecode.swift; path = TopHotelsUITests.swift; sourceTree = "<group>"; };
		DDFC590227F328D300656880 /* TopHotelsUITestsLaunchTests.swift */ = {isa = PBXFileReference; lastKnownFileType = sourcecode.swift; path = TopHotelsUITestsLaunchTests.swift; sourceTree = "<group>"; };
/* End PBXFileReference section */

/* Begin PBXFrameworksBuildPhase section */
		DDFC58D927F328D200656880 /* Frameworks */ = {
			isa = PBXFrameworksBuildPhase;
			buildActionMask = 2147483647;
			files = (
			);
			runOnlyForDeploymentPostprocessing = 0;
		};
		DDFC58EF27F328D300656880 /* Frameworks */ = {
			isa = PBXFrameworksBuildPhase;
			buildActionMask = 2147483647;
			files = (
			);
			runOnlyForDeploymentPostprocessing = 0;
		};
		DDFC58F927F328D300656880 /* Frameworks */ = {
			isa = PBXFrameworksBuildPhase;
			buildActionMask = 2147483647;
			files = (
			);
			runOnlyForDeploymentPostprocessing = 0;
		};
/* End PBXFrameworksBuildPhase section */

/* Begin PBXGroup section */
		DDFC58D327F328D200656880 = {
			isa = PBXGroup;
			children = (
				DDFC590F27F328F300656880 /* Model */,
				DDFC591027F328FC00656880 /* View */,
				DDFC591127F3290400656880 /* Controller */,
				DDFC58DE27F328D200656880 /* TopHotels */,
				DDFC58F527F328D300656880 /* TopHotelsTests */,
				DDFC58FF27F328D300656880 /* TopHotelsUITests */,
				DDFC58DD27F328D200656880 /* Products */,
			);
			sourceTree = "<group>";
		};
		DDFC58DD27F328D200656880 /* Products */ = {
			isa = PBXGroup;
			children = (
				DDFC58DC27F328D200656880 /* TopHotels.app */,
				DDFC58F227F328D300656880 /* TopHotelsTests.xctest */,
				DDFC58FC27F328D300656880 /* TopHotelsUITests.xctest */,
			);
			name = Products;
			sourceTree = "<group>";
		};
		DDFC58DE27F328D200656880 /* TopHotels */ = {
			isa = PBXGroup;
			children = (
				DDFC58DF27F328D200656880 /* AppDelegate.swift */,
				DDFC58E127F328D200656880 /* SceneDelegate.swift */,
				DDFC58E827F328D300656880 /* Assets.xcassets */,
				DDFC58EA27F328D300656880 /* LaunchScreen.storyboard */,
				DDFC58ED27F328D300656880 /* Info.plist */,
			);
			path = TopHotels;
			sourceTree = "<group>";
		};
		DDFC58F527F328D300656880 /* TopHotelsTests */ = {
			isa = PBXGroup;
			children = (
				DDFC58F627F328D300656880 /* TopHotelsTests.swift */,
			);
			path = TopHotelsTests;
			sourceTree = "<group>";
		};
		DDFC58FF27F328D300656880 /* TopHotelsUITests */ = {
			isa = PBXGroup;
			children = (
				DDFC590027F328D300656880 /* TopHotelsUITests.swift */,
				DDFC590227F328D300656880 /* TopHotelsUITestsLaunchTests.swift */,
			);
			path = TopHotelsUITests;
			sourceTree = "<group>";
		};
		DDFC590F27F328F300656880 /* Model */ = {
			isa = PBXGroup;
			children = (
			);
			path = Model;
			sourceTree = "<group>";
		};
		DDFC591027F328FC00656880 /* View */ = {
			isa = PBXGroup;
			children = (
				DDFC58E527F328D200656880 /* Main.storyboard */,
			);
			path = View;
			sourceTree = "<group>";
		};
		DDFC591127F3290400656880 /* Controller */ = {
			isa = PBXGroup;
			children = (
				DDFC58E327F328D200656880 /* ViewController.swift */,
			);
			path = Controller;
			sourceTree = "<group>";
		};
/* End PBXGroup section */

/* Begin PBXNativeTarget section */
		DDFC58DB27F328D200656880 /* TopHotels */ = {
			isa = PBXNativeTarget;
			buildConfigurationList = DDFC590627F328D300656880 /* Build configuration list for PBXNativeTarget "TopHotels" */;
			buildPhases = (
				DDFC58D827F328D200656880 /* Sources */,
				DDFC58D927F328D200656880 /* Frameworks */,
				DDFC58DA27F328D200656880 /* Resources */,
			);
			buildRules = (
			);
			dependencies = (
			);
			name = TopHotels;
			productName = TopHotels;
			productReference = DDFC58DC27F328D200656880 /* TopHotels.app */;
			productType = "com.apple.product-type.application";
		};
		DDFC58F127F328D300656880 /* TopHotelsTests */ = {
			isa = PBXNativeTarget;
			buildConfigurationList = DDFC590927F328D300656880 /* Build configuration list for PBXNativeTarget "TopHotelsTests" */;
			buildPhases = (
				DDFC58EE27F328D300656880 /* Sources */,
				DDFC58EF27F328D300656880 /* Frameworks */,
				DDFC58F027F328D300656880 /* Resources */,
			);
			buildRules = (
			);
			dependencies = (
				DDFC58F427F328D300656880 /* PBXTargetDependency */,
			);
			name = TopHotelsTests;
			productName = TopHotelsTests;
			productReference = DDFC58F227F328D300656880 /* TopHotelsTests.xctest */;
			productType = "com.apple.product-type.bundle.unit-test";
		};
		DDFC58FB27F328D300656880 /* TopHotelsUITests */ = {
			isa = PBXNativeTarget;
			buildConfigurationList = DDFC590C27F328D300656880 /* Build configuration list for PBXNativeTarget "TopHotelsUITests" */;
			buildPhases = (
				DDFC58F827F328D300656880 /* Sources */,
				DDFC58F927F328D300656880 /* Frameworks */,
				DDFC58FA27F328D300656880 /* Resources */,
			);
			buildRules = (
			);
			dependencies = (
				DDFC58FE27F328D300656880 /* PBXTargetDependency */,
			);
			name = TopHotelsUITests;
			productName = TopHotelsUITests;
			productReference = DDFC58FC27F328D300656880 /* TopHotelsUITests.xctest */;
			productType = "com.apple.product-type.bundle.ui-testing";
		};
/* End PBXNativeTarget section */

/* Begin PBXProject section */
		DDFC58D427F328D200656880 /* Project object */ = {
			isa = PBXProject;
			attributes = {
				BuildIndependentTargetsInParallel = 1;
				LastSwiftUpdateCheck = 1330;
				LastUpgradeCheck = 1330;
				TargetAttributes = {
					DDFC58DB27F328D200656880 = {
						CreatedOnToolsVersion = 13.3;
					};
					DDFC58F127F328D300656880 = {
						CreatedOnToolsVersion = 13.3;
						TestTargetID = DDFC58DB27F328D200656880;
					};
					DDFC58FB27F328D300656880 = {
						CreatedOnToolsVersion = 13.3;
						TestTargetID = DDFC58DB27F328D200656880;
					};
				};
			};
			buildConfigurationList = DDFC58D727F328D200656880 /* Build configuration list for PBXProject "TopHotels" */;
			compatibilityVersion = "Xcode 13.0";
			developmentRegion = en;
			hasScannedForEncodings = 0;
			knownRegions = (
				en,
				Base,
			);
			mainGroup = DDFC58D327F328D200656880;
			productRefGroup = DDFC58DD27F328D200656880 /* Products */;
			projectDirPath = "";
			projectRoot = "";
			targets = (
				DDFC58DB27F328D200656880 /* TopHotels */,
				DDFC58F127F328D300656880 /* TopHotelsTests */,
				DDFC58FB27F328D300656880 /* TopHotelsUITests */,
			);
		};
/* End PBXProject section */

/* Begin PBXResourcesBuildPhase section */
		DDFC58DA27F328D200656880 /* Resources */ = {
			isa = PBXResourcesBuildPhase;
			buildActionMask = 2147483647;
			files = (
				DDFC58EC27F328D300656880 /* LaunchScreen.storyboard in Resources */,
				DDFC58E927F328D300656880 /* Assets.xcassets in Resources */,
				DDFC58E727F328D200656880 /* Main.storyboard in Resources */,
			);
			runOnlyForDeploymentPostprocessing = 0;
		};
		DDFC58F027F328D300656880 /* Resources */ = {
			isa = PBXResourcesBuildPhase;
			buildActionMask = 2147483647;
			files = (
			);
			runOnlyForDeploymentPostprocessing = 0;
		};
		DDFC58FA27F328D300656880 /* Resources */ = {
			isa = PBXResourcesBuildPhase;
			buildActionMask = 2147483647;
			files = (
			);
			runOnlyForDeploymentPostprocessing = 0;
		};
/* End PBXResourcesBuildPhase section */

/* Begin PBXSourcesBuildPhase section */
		DDFC58D827F328D200656880 /* Sources */ = {
			isa = PBXSourcesBuildPhase;
			buildActionMask = 2147483647;
			files = (
				DDFC58E427F328D200656880 /* ViewController.swift in Sources */,
				DDFC58E027F328D200656880 /* AppDelegate.swift in Sources */,
				DDFC58E227F328D200656880 /* SceneDelegate.swift in Sources */,
			);
			runOnlyForDeploymentPostprocessing = 0;
		};
		DDFC58EE27F328D300656880 /* Sources */ = {
			isa = PBXSourcesBuildPhase;
			buildActionMask = 2147483647;
			files = (
				DDFC58F727F328D300656880 /* TopHotelsTests.swift in Sources */,
			);
			runOnlyForDeploymentPostprocessing = 0;
		};
		DDFC58F827F328D300656880 /* Sources */ = {
			isa = PBXSourcesBuildPhase;
			buildActionMask = 2147483647;
			files = (
				DDFC590127F328D300656880 /* TopHotelsUITests.swift in Sources */,
				DDFC590327F328D300656880 /* TopHotelsUITestsLaunchTests.swift in Sources */,
			);
			runOnlyForDeploymentPostprocessing = 0;
		};
/* End PBXSourcesBuildPhase section */

/* Begin PBXTargetDependency section */
		DDFC58F427F328D300656880 /* PBXTargetDependency */ = {
			isa = PBXTargetDependency;
			target = DDFC58DB27F328D200656880 /* TopHotels */;
			targetProxy = DDFC58F327F328D300656880 /* PBXContainerItemProxy */;
		};
		DDFC58FE27F328D300656880 /* PBXTargetDependency */ = {
			isa = PBXTargetDependency;
			target = DDFC58DB27F328D200656880 /* TopHotels */;
			targetProxy = DDFC58FD27F328D300656880 /* PBXContainerItemProxy */;
		};
/* End PBXTargetDependency section */

/* Begin PBXVariantGroup section */
		DDFC58E527F328D200656880 /* Main.storyboard */ = {
			isa = PBXVariantGroup;
			children = (
				DDFC58E627F328D200656880 /* Base */,
			);
			name = Main.storyboard;
			sourceTree = "<group>";
		};
		DDFC58EA27F328D300656880 /* LaunchScreen.storyboard */ = {
			isa = PBXVariantGroup;
			children = (
				DDFC58EB27F328D300656880 /* Base */,
			);
			name = LaunchScreen.storyboard;
			sourceTree = "<group>";
		};
/* End PBXVariantGroup section */

/* Begin XCBuildConfiguration section */
		DDFC590427F328D300656880 /* Debug */ = {
			isa = XCBuildConfiguration;
			buildSettings = {
				ALWAYS_SEARCH_USER_PATHS = NO;
				CLANG_ANALYZER_NONNULL = YES;
				CLANG_ANALYZER_NUMBER_OBJECT_CONVERSION = YES_AGGRESSIVE;
				CLANG_CXX_LANGUAGE_STANDARD = "gnu++17";
				CLANG_ENABLE_MODULES = YES;
				CLANG_ENABLE_OBJC_ARC = YES;
				CLANG_ENABLE_OBJC_WEAK = YES;
				CLANG_WARN_BLOCK_CAPTURE_AUTORELEASING = YES;
				CLANG_WARN_BOOL_CONVERSION = YES;
				CLANG_WARN_COMMA = YES;
				CLANG_WARN_CONSTANT_CONVERSION = YES;
				CLANG_WARN_DEPRECATED_OBJC_IMPLEMENTATIONS = YES;
				CLANG_WARN_DIRECT_OBJC_ISA_USAGE = YES_ERROR;
				CLANG_WARN_DOCUMENTATION_COMMENTS = YES;
				CLANG_WARN_EMPTY_BODY = YES;
				CLANG_WARN_ENUM_CONVERSION = YES;
				CLANG_WARN_INFINITE_RECURSION = YES;
				CLANG_WARN_INT_CONVERSION = YES;
				CLANG_WARN_NON_LITERAL_NULL_CONVERSION = YES;
				CLANG_WARN_OBJC_IMPLICIT_RETAIN_SELF = YES;
				CLANG_WARN_OBJC_LITERAL_CONVERSION = YES;
				CLANG_WARN_OBJC_ROOT_CLASS = YES_ERROR;
				CLANG_WARN_QUOTED_INCLUDE_IN_FRAMEWORK_HEADER = YES;
				CLANG_WARN_RANGE_LOOP_ANALYSIS = YES;
				CLANG_WARN_STRICT_PROTOTYPES = YES;
				CLANG_WARN_SUSPICIOUS_MOVE = YES;
				CLANG_WARN_UNGUARDED_AVAILABILITY = YES_AGGRESSIVE;
				CLANG_WARN_UNREACHABLE_CODE = YES;
				CLANG_WARN__DUPLICATE_METHOD_MATCH = YES;
				COPY_PHASE_STRIP = NO;
				DEBUG_INFORMATION_FORMAT = dwarf;
				ENABLE_STRICT_OBJC_MSGSEND = YES;
				ENABLE_TESTABILITY = YES;
				GCC_C_LANGUAGE_STANDARD = gnu11;
				GCC_DYNAMIC_NO_PIC = NO;
				GCC_NO_COMMON_BLOCKS = YES;
				GCC_OPTIMIZATION_LEVEL = 0;
				GCC_PREPROCESSOR_DEFINITIONS = (
					"DEBUG=1",
					"$(inherited)",
				);
				GCC_WARN_64_TO_32_BIT_CONVERSION = YES;
				GCC_WARN_ABOUT_RETURN_TYPE = YES_ERROR;
				GCC_WARN_UNDECLARED_SELECTOR = YES;
				GCC_WARN_UNINITIALIZED_AUTOS = YES_AGGRESSIVE;
				GCC_WARN_UNUSED_FUNCTION = YES;
				GCC_WARN_UNUSED_VARIABLE = YES;
				IPHONEOS_DEPLOYMENT_TARGET = 15.4;
				MTL_ENABLE_DEBUG_INFO = INCLUDE_SOURCE;
				MTL_FAST_MATH = YES;
				ONLY_ACTIVE_ARCH = YES;
				SDKROOT = iphoneos;
				SWIFT_ACTIVE_COMPILATION_CONDITIONS = DEBUG;
				SWIFT_OPTIMIZATION_LEVEL = "-Onone";
			};
			name = Debug;
		};
		DDFC590527F328D300656880 /* Release */ = {
			isa = XCBuildConfiguration;
			buildSettings = {
				ALWAYS_SEARCH_USER_PATHS = NO;
				CLANG_ANALYZER_NONNULL = YES;
				CLANG_ANALYZER_NUMBER_OBJECT_CONVERSION = YES_AGGRESSIVE;
				CLANG_CXX_LANGUAGE_STANDARD = "gnu++17";
				CLANG_ENABLE_MODULES = YES;
				CLANG_ENABLE_OBJC_ARC = YES;
				CLANG_ENABLE_OBJC_WEAK = YES;
				CLANG_WARN_BLOCK_CAPTURE_AUTORELEASING = YES;
				CLANG_WARN_BOOL_CONVERSION = YES;
				CLANG_WARN_COMMA = YES;
				CLANG_WARN_CONSTANT_CONVERSION = YES;
				CLANG_WARN_DEPRECATED_OBJC_IMPLEMENTATIONS = YES;
				CLANG_WARN_DIRECT_OBJC_ISA_USAGE = YES_ERROR;
				CLANG_WARN_DOCUMENTATION_COMMENTS = YES;
				CLANG_WARN_EMPTY_BODY = YES;
				CLANG_WARN_ENUM_CONVERSION = YES;
				CLANG_WARN_INFINITE_RECURSION = YES;
				CLANG_WARN_INT_CONVERSION = YES;
				CLANG_WARN_NON_LITERAL_NULL_CONVERSION = YES;
				CLANG_WARN_OBJC_IMPLICIT_RETAIN_SELF = YES;
				CLANG_WARN_OBJC_LITERAL_CONVERSION = YES;
				CLANG_WARN_OBJC_ROOT_CLASS = YES_ERROR;
				CLANG_WARN_QUOTED_INCLUDE_IN_FRAMEWORK_HEADER = YES;
				CLANG_WARN_RANGE_LOOP_ANALYSIS = YES;
				CLANG_WARN_STRICT_PROTOTYPES = YES;
				CLANG_WARN_SUSPICIOUS_MOVE = YES;
				CLANG_WARN_UNGUARDED_AVAILABILITY = YES_AGGRESSIVE;
				CLANG_WARN_UNREACHABLE_CODE = YES;
				CLANG_WARN__DUPLICATE_METHOD_MATCH = YES;
				COPY_PHASE_STRIP = NO;
				DEBUG_INFORMATION_FORMAT = "dwarf-with-dsym";
				ENABLE_NS_ASSERTIONS = NO;
				ENABLE_STRICT_OBJC_MSGSEND = YES;
				GCC_C_LANGUAGE_STANDARD = gnu11;
				GCC_NO_COMMON_BLOCKS = YES;
				GCC_WARN_64_TO_32_BIT_CONVERSION = YES;
				GCC_WARN_ABOUT_RETURN_TYPE = YES_ERROR;
				GCC_WARN_UNDECLARED_SELECTOR = YES;
				GCC_WARN_UNINITIALIZED_AUTOS = YES_AGGRESSIVE;
				GCC_WARN_UNUSED_FUNCTION = YES;
				GCC_WARN_UNUSED_VARIABLE = YES;
				IPHONEOS_DEPLOYMENT_TARGET = 15.4;
				MTL_ENABLE_DEBUG_INFO = NO;
				MTL_FAST_MATH = YES;
				SDKROOT = iphoneos;
				SWIFT_COMPILATION_MODE = wholemodule;
				SWIFT_OPTIMIZATION_LEVEL = "-O";
				VALIDATE_PRODUCT = YES;
			};
			name = Release;
		};
		DDFC590727F328D300656880 /* Debug */ = {
			isa = XCBuildConfiguration;
			buildSettings = {
				ASSETCATALOG_COMPILER_APPICON_NAME = AppIcon;
				ASSETCATALOG_COMPILER_GLOBAL_ACCENT_COLOR_NAME = AccentColor;
				CODE_SIGN_STYLE = Automatic;
				CURRENT_PROJECT_VERSION = 1;
				DEVELOPMENT_TEAM = 5V3U8HJ3RC;
				GENERATE_INFOPLIST_FILE = YES;
				INFOPLIST_FILE = TopHotels/Info.plist;
				INFOPLIST_KEY_UIApplicationSupportsIndirectInputEvents = YES;
				INFOPLIST_KEY_UILaunchStoryboardName = LaunchScreen;
				INFOPLIST_KEY_UIMainStoryboardFile = Main;
				INFOPLIST_KEY_UISupportedInterfaceOrientations_iPad = "UIInterfaceOrientationPortrait UIInterfaceOrientationPortraitUpsideDown UIInterfaceOrientationLandscapeLeft UIInterfaceOrientationLandscapeRight";
				INFOPLIST_KEY_UISupportedInterfaceOrientations_iPhone = "UIInterfaceOrientationPortrait UIInterfaceOrientationLandscapeLeft UIInterfaceOrientationLandscapeRight";
				LD_RUNPATH_SEARCH_PATHS = (
					"$(inherited)",
					"@executable_path/Frameworks",
				);
				MARKETING_VERSION = 1.0;
				PRODUCT_BUNDLE_IDENTIFIER = com.YazanZAbdullah.TopHotels;
				PRODUCT_NAME = "$(TARGET_NAME)";
				SWIFT_EMIT_LOC_STRINGS = YES;
				SWIFT_VERSION = 5.0;
				TARGETED_DEVICE_FAMILY = "1,2";
			};
			name = Debug;
		};
		DDFC590827F328D300656880 /* Release */ = {
			isa = XCBuildConfiguration;
			buildSettings = {
				ASSETCATALOG_COMPILER_APPICON_NAME = AppIcon;
				ASSETCATALOG_COMPILER_GLOBAL_ACCENT_COLOR_NAME = AccentColor;
				CODE_SIGN_STYLE = Automatic;
				CURRENT_PROJECT_VERSION = 1;
				DEVELOPMENT_TEAM = 5V3U8HJ3RC;
				GENERATE_INFOPLIST_FILE = YES;
				INFOPLIST_FILE = TopHotels/Info.plist;
				INFOPLIST_KEY_UIApplicationSupportsIndirectInputEvents = YES;
				INFOPLIST_KEY_UILaunchStoryboardName = LaunchScreen;
				INFOPLIST_KEY_UIMainStoryboardFile = Main;
				INFOPLIST_KEY_UISupportedInterfaceOrientations_iPad = "UIInterfaceOrientationPortrait UIInterfaceOrientationPortraitUpsideDown UIInterfaceOrientationLandscapeLeft UIInterfaceOrientationLandscapeRight";
				INFOPLIST_KEY_UISupportedInterfaceOrientations_iPhone = "UIInterfaceOrientationPortrait UIInterfaceOrientationLandscapeLeft UIInterfaceOrientationLandscapeRight";
				LD_RUNPATH_SEARCH_PATHS = (
					"$(inherited)",
					"@executable_path/Frameworks",
				);
				MARKETING_VERSION = 1.0;
				PRODUCT_BUNDLE_IDENTIFIER = com.YazanZAbdullah.TopHotels;
				PRODUCT_NAME = "$(TARGET_NAME)";
				SWIFT_EMIT_LOC_STRINGS = YES;
				SWIFT_VERSION = 5.0;
				TARGETED_DEVICE_FAMILY = "1,2";
			};
			name = Release;
		};
		DDFC590A27F328D300656880 /* Debug */ = {
			isa = XCBuildConfiguration;
			buildSettings = {
				ALWAYS_EMBED_SWIFT_STANDARD_LIBRARIES = YES;
				BUNDLE_LOADER = "$(TEST_HOST)";
				CODE_SIGN_STYLE = Automatic;
				CURRENT_PROJECT_VERSION = 1;
				DEVELOPMENT_TEAM = 5V3U8HJ3RC;
				GENERATE_INFOPLIST_FILE = YES;
				IPHONEOS_DEPLOYMENT_TARGET = 15.4;
				MARKETING_VERSION = 1.0;
				PRODUCT_BUNDLE_IDENTIFIER = com.YazanZAbdullah.TopHotelsTests;
				PRODUCT_NAME = "$(TARGET_NAME)";
				SWIFT_EMIT_LOC_STRINGS = NO;
				SWIFT_VERSION = 5.0;
				TARGETED_DEVICE_FAMILY = "1,2";
				TEST_HOST = "$(BUILT_PRODUCTS_DIR)/TopHotels.app/TopHotels";
			};
			name = Debug;
		};
		DDFC590B27F328D300656880 /* Release */ = {
			isa = XCBuildConfiguration;
			buildSettings = {
				ALWAYS_EMBED_SWIFT_STANDARD_LIBRARIES = YES;
				BUNDLE_LOADER = "$(TEST_HOST)";
				CODE_SIGN_STYLE = Automatic;
				CURRENT_PROJECT_VERSION = 1;
				DEVELOPMENT_TEAM = 5V3U8HJ3RC;
				GENERATE_INFOPLIST_FILE = YES;
				IPHONEOS_DEPLOYMENT_TARGET = 15.4;
				MARKETING_VERSION = 1.0;
				PRODUCT_BUNDLE_IDENTIFIER = com.YazanZAbdullah.TopHotelsTests;
				PRODUCT_NAME = "$(TARGET_NAME)";
				SWIFT_EMIT_LOC_STRINGS = NO;
				SWIFT_VERSION = 5.0;
				TARGETED_DEVICE_FAMILY = "1,2";
				TEST_HOST = "$(BUILT_PRODUCTS_DIR)/TopHotels.app/TopHotels";
			};
			name = Release;
		};
		DDFC590D27F328D300656880 /* Debug */ = {
			isa = XCBuildConfiguration;
			buildSettings = {
				ALWAYS_EMBED_SWIFT_STANDARD_LIBRARIES = YES;
				CODE_SIGN_STYLE = Automatic;
				CURRENT_PROJECT_VERSION = 1;
				DEVELOPMENT_TEAM = 5V3U8HJ3RC;
				GENERATE_INFOPLIST_FILE = YES;
				MARKETING_VERSION = 1.0;
				PRODUCT_BUNDLE_IDENTIFIER = com.YazanZAbdullah.TopHotelsUITests;
				PRODUCT_NAME = "$(TARGET_NAME)";
				SWIFT_EMIT_LOC_STRINGS = NO;
				SWIFT_VERSION = 5.0;
				TARGETED_DEVICE_FAMILY = "1,2";
				TEST_TARGET_NAME = TopHotels;
			};
			name = Debug;
		};
		DDFC590E27F328D300656880 /* Release */ = {
			isa = XCBuildConfiguration;
			buildSettings = {
				ALWAYS_EMBED_SWIFT_STANDARD_LIBRARIES = YES;
				CODE_SIGN_STYLE = Automatic;
				CURRENT_PROJECT_VERSION = 1;
				DEVELOPMENT_TEAM = 5V3U8HJ3RC;
				GENERATE_INFOPLIST_FILE = YES;
				MARKETING_VERSION = 1.0;
				PRODUCT_BUNDLE_IDENTIFIER = com.YazanZAbdullah.TopHotelsUITests;
				PRODUCT_NAME = "$(TARGET_NAME)";
				SWIFT_EMIT_LOC_STRINGS = NO;
				SWIFT_VERSION = 5.0;
				TARGETED_DEVICE_FAMILY = "1,2";
				TEST_TARGET_NAME = TopHotels;
			};
			name = Release;
		};
/* End XCBuildConfiguration section */

/* Begin XCConfigurationList section */
		DDFC58D727F328D200656880 /* Build configuration list for PBXProject "TopHotels" */ = {
			isa = XCConfigurationList;
			buildConfigurations = (
				DDFC590427F328D300656880 /* Debug */,
				DDFC590527F328D300656880 /* Release */,
			);
			defaultConfigurationIsVisible = 0;
			defaultConfigurationName = Release;
		};
		DDFC590627F328D300656880 /* Build configuration list for PBXNativeTarget "TopHotels" */ = {
			isa = XCConfigurationList;
			buildConfigurations = (
				DDFC590727F328D300656880 /* Debug */,
				DDFC590827F328D300656880 /* Release */,
			);
			defaultConfigurationIsVisible = 0;
			defaultConfigurationName = Release;
		};
		DDFC590927F328D300656880 /* Build configuration list for PBXNativeTarget "TopHotelsTests" */ = {
			isa = XCConfigurationList;
			buildConfigurations = (
				DDFC590A27F328D300656880 /* Debug */,
				DDFC590B27F328D300656880 /* Release */,
			);
			defaultConfigurationIsVisible = 0;
			defaultConfigurationName = Release;
		};
		DDFC590C27F328D300656880 /* Build configuration list for PBXNativeTarget "TopHotelsUITests" */ = {
			isa = XCConfigurationList;
			buildConfigurations = (
				DDFC590D27F328D300656880 /* Debug */,
				DDFC590E27F328D300656880 /* Release */,
			);
			defaultConfigurationIsVisible = 0;
			defaultConfigurationName = Release;
		};
/* End XCConfigurationList section */
	};
	rootObject = DDFC58D427F328D200656880 /* Project object */;
}
